
Microsoft Visual Studio Solution File, Format Version 12.00
# Visual Studio 15
VisualStudioVersion = 15.0.27428.2037
MinimumVisualStudioVersion = 10.0.40219.1
Project("{8BC9CEB8-8B4A-11D0-8D11-00A0C91BC942}") = "BitSmartVanEmdeBoas", "BitSmartVanEmdeBoas\BitSmartVanEmdeBoas.vcxproj", "{E04546AB-9B66-4297-9897-A49AC06D4131}"
EndProject
Project("{8BC9CEB8-8B4A-11D0-8D11-00A0C91BC942}") = "Tests", "Tests\Tests.vcxproj", "{7D4DFDE3-C74B-455B-9AC6-15C8E0873A8F}"
EndProject
Global
	GlobalSection(SolutionConfigurationPlatforms) = preSolution
		Debug|x64 = Debug|x64
		Debug|x86 = Debug|x86
		Release|x64 = Release|x64
		Release|x86 = Release|x86
	EndGlobalSection
	GlobalSection(ProjectConfigurationPlatforms) = postSolution
		{E04546AB-9B66-4297-9897-A49AC06D4131}.Debug|x64.ActiveCfg = Debug|x64
		{E04546AB-9B66-4297-9897-A49AC06D4131}.Debug|x64.Build.0 = Debug|x64
		{E04546AB-9B66-4297-9897-A49AC06D4131}.Debug|x86.ActiveCfg = Debug|Win32
		{E04546AB-9B66-4297-9897-A49AC06D4131}.Debug|x86.Build.0 = Debug|Win32
		{E04546AB-9B66-4297-9897-A49AC06D4131}.Release|x64.ActiveCfg = Release|x64
		{E04546AB-9B66-4297-9897-A49AC06D4131}.Release|x64.Build.0 = Release|x64
		{E04546AB-9B66-4297-9897-A49AC06D4131}.Release|x86.ActiveCfg = Release|Win32
		{E04546AB-9B66-4297-9897-A49AC06D4131}.Release|x86.Build.0 = Release|Win32
		{7D4DFDE3-C74B-455B-9AC6-15C8E0873A8F}.Debug|x64.ActiveCfg = Debug|x64
		{7D4DFDE3-C74B-455B-9AC6-15C8E0873A8F}.Debug|x64.Build.0 = Debug|x64
		{7D4DFDE3-C74B-455B-9AC6-15C8E0873A8F}.Debug|x86.ActiveCfg = Debug|Win32
		{7D4DFDE3-C74B-455B-9AC6-15C8E0873A8F}.Debug|x86.Build.0 = Debug|Win32
		{7D4DFDE3-C74B-455B-9AC6-15C8E0873A8F}.Release|x64.ActiveCfg = Release|x64
		{7D4DFDE3-C74B-455B-9AC6-15C8E0873A8F}.Release|x64.Build.0 = Release|x64
		{7D4DFDE3-C74B-455B-9AC6-15C8E0873A8F}.Release|x86.ActiveCfg = Release|Win32
		{7D4DFDE3-C74B-455B-9AC6-15C8E0873A8F}.Release|x86.Build.0 = Release|Win32
	EndGlobalSection
	GlobalSection(SolutionProperties) = preSolution
		HideSolutionNode = FALSE
	EndGlobalSection
	GlobalSection(ExtensibilityGlobals) = postSolution
		SolutionGuid = {301B0B92-56F0-4228-978B-78A6143CF41B}
	EndGlobalSection
EndGlobal
